// !$*UTF8*$!
{
	archiveVersion = 1;
	classes = {
	};
	objectVersion = 56;
	objects = {

/* Begin PBXBuildFile section */
		B322F6C82C29994A003E9258 /* TimerModel.swift in Sources */ = {isa = PBXBuildFile; fileRef = B322F6C72C29994A003E9258 /* TimerModel.swift */; };
		B3DB40922C25AD470051BD51 /* CapyTimerApp.swift in Sources */ = {isa = PBXBuildFile; fileRef = B3DB40912C25AD470051BD51 /* CapyTimerApp.swift */; };
		B3DB40942C25AD470051BD51 /* ContentView.swift in Sources */ = {isa = PBXBuildFile; fileRef = B3DB40932C25AD470051BD51 /* ContentView.swift */; };
		B3DB40962C25AD480051BD51 /* Assets.xcassets in Resources */ = {isa = PBXBuildFile; fileRef = B3DB40952C25AD480051BD51 /* Assets.xcassets */; };
		B3DB40992C25AD480051BD51 /* Preview Assets.xcassets in Resources */ = {isa = PBXBuildFile; fileRef = B3DB40982C25AD480051BD51 /* Preview Assets.xcassets */; };
		B3DB40A02C25AEC60051BD51 /* CapyImageView.swift in Sources */ = {isa = PBXBuildFile; fileRef = B3DB409F2C25AEC60051BD51 /* CapyImageView.swift */; };
		B3DB40A22C25B0C30051BD51 /* TimerView.swift in Sources */ = {isa = PBXBuildFile; fileRef = B3DB40A12C25B0C30051BD51 /* TimerView.swift */; };
/* End PBXBuildFile section */

/* Begin PBXFileReference section */
		B322F6C72C29994A003E9258 /* TimerModel.swift */ = {isa = PBXFileReference; lastKnownFileType = sourcecode.swift; path = TimerModel.swift; sourceTree = "<group>"; };
		B3DB408E2C25AD470051BD51 /* CapyTimer.app */ = {isa = PBXFileReference; explicitFileType = wrapper.application; includeInIndex = 0; path = CapyTimer.app; sourceTree = BUILT_PRODUCTS_DIR; };
		B3DB40912C25AD470051BD51 /* CapyTimerApp.swift */ = {isa = PBXFileReference; lastKnownFileType = sourcecode.swift; path = CapyTimerApp.swift; sourceTree = "<group>"; };
		B3DB40932C25AD470051BD51 /* ContentView.swift */ = {isa = PBXFileReference; lastKnownFileType = sourcecode.swift; path = ContentView.swift; sourceTree = "<group>"; };
		B3DB40952C25AD480051BD51 /* Assets.xcassets */ = {isa = PBXFileReference; lastKnownFileType = folder.assetcatalog; path = Assets.xcassets; sourceTree = "<group>"; };
		B3DB40982C25AD480051BD51 /* Preview Assets.xcassets */ = {isa = PBXFileReference; lastKnownFileType = folder.assetcatalog; path = "Preview Assets.xcassets"; sourceTree = "<group>"; };
		B3DB409F2C25AEC60051BD51 /* CapyImageView.swift */ = {isa = PBXFileReference; lastKnownFileType = sourcecode.swift; path = CapyImageView.swift; sourceTree = "<group>"; };
		B3DB40A12C25B0C30051BD51 /* TimerView.swift */ = {isa = PBXFileReference; lastKnownFileType = sourcecode.swift; path = TimerView.swift; sourceTree = "<group>"; };
/* End PBXFileReference section */

/* Begin PBXFrameworksBuildPhase section */
		B3DB408B2C25AD470051BD51 /* Frameworks */ = {
			isa = PBXFrameworksBuildPhase;
			buildActionMask = 2147483647;
			files = (
			);
			runOnlyForDeploymentPostprocessing = 0;
		};
/* End PBXFrameworksBuildPhase section */

/* Begin PBXGroup section */
		B322F6C42C2997FA003E9258 /* Components */ = {
			isa = PBXGroup;
			children = (
				B3DB409F2C25AEC60051BD51 /* CapyImageView.swift */,
			);
			name = Components;
			sourceTree = "<group>";
		};
		B322F6C52C29980E003E9258 /* Views */ = {
			isa = PBXGroup;
			children = (
				B3DB40A12C25B0C30051BD51 /* TimerView.swift */,
			);
			name = Views;
			sourceTree = "<group>";
		};
		B322F6C62C29991E003E9258 /* Model */ = {
			isa = PBXGroup;
			children = (
				B322F6C72C29994A003E9258 /* TimerModel.swift */,
			);
			path = Model;
			sourceTree = "<group>";
		};
		B3DB40852C25AD470051BD51 = {
			isa = PBXGroup;
			children = (
				B3DB40902C25AD470051BD51 /* CapyTimer */,
				B3DB408F2C25AD470051BD51 /* Products */,
			);
			sourceTree = "<group>";
		};
		B3DB408F2C25AD470051BD51 /* Products */ = {
			isa = PBXGroup;
			children = (
				B3DB408E2C25AD470051BD51 /* CapyTimer.app */,
			);
			name = Products;
			sourceTree = "<group>";
		};
		B3DB40902C25AD470051BD51 /* CapyTimer */ = {
			isa = PBXGroup;
			children = (
				B3DB40912C25AD470051BD51 /* CapyTimerApp.swift */,
				B3DB40932C25AD470051BD51 /* ContentView.swift */,
				B322F6C42C2997FA003E9258 /* Components */,
				B322F6C52C29980E003E9258 /* Views */,
				B322F6C62C29991E003E9258 /* Model */,
				B3DB40952C25AD480051BD51 /* Assets.xcassets */,
				B3DB40972C25AD480051BD51 /* Preview Content */,
			);
			path = CapyTimer;
			sourceTree = "<group>";
		};
		B3DB40972C25AD480051BD51 /* Preview Content */ = {
			isa = PBXGroup;
			children = (
				B3DB40982C25AD480051BD51 /* Preview Assets.xcassets */,
			);
			path = "Preview Content";
			sourceTree = "<group>";
		};
/* End PBXGroup section */

/* Begin PBXNativeTarget section */
		B3DB408D2C25AD470051BD51 /* CapyTimer */ = {
			isa = PBXNativeTarget;
			buildConfigurationList = B3DB409C2C25AD480051BD51 /* Build configuration list for PBXNativeTarget "CapyTimer" */;
			buildPhases = (
				B3DB408A2C25AD470051BD51 /* Sources */,
				B3DB408B2C25AD470051BD51 /* Frameworks */,
				B3DB408C2C25AD470051BD51 /* Resources */,
			);
			buildRules = (
			);
			dependencies = (
			);
			name = CapyTimer;
			productName = CapyTimer;
			productReference = B3DB408E2C25AD470051BD51 /* CapyTimer.app */;
			productType = "com.apple.product-type.application";
		};
/* End PBXNativeTarget section */

/* Begin PBXProject section */
		B3DB40862C25AD470051BD51 /* Project object */ = {
			isa = PBXProject;
			attributes = {
				BuildIndependentTargetsInParallel = 1;
				LastSwiftUpdateCheck = 1540;
				LastUpgradeCheck = 1540;
				TargetAttributes = {
					B3DB408D2C25AD470051BD51 = {
						CreatedOnToolsVersion = 15.4;
					};
				};
			};
			buildConfigurationList = B3DB40892C25AD470051BD51 /* Build configuration list for PBXProject "CapyTimer" */;
			compatibilityVersion = "Xcode 14.0";
			developmentRegion = en;
			hasScannedForEncodings = 0;
			knownRegions = (
				en,
				Base,
			);
			mainGroup = B3DB40852C25AD470051BD51;
			productRefGroup = B3DB408F2C25AD470051BD51 /* Products */;
			projectDirPath = "";
			projectRoot = "";
			targets = (
				B3DB408D2C25AD470051BD51 /* CapyTimer */,
			);
		};
/* End PBXProject section */

/* Begin PBXResourcesBuildPhase section */
		B3DB408C2C25AD470051BD51 /* Resources */ = {
			isa = PBXResourcesBuildPhase;
			buildActionMask = 2147483647;
			files = (
				B3DB40992C25AD480051BD51 /* Preview Assets.xcassets in Resources */,
				B3DB40962C25AD480051BD51 /* Assets.xcassets in Resources */,
			);
			runOnlyForDeploymentPostprocessing = 0;
		};
/* End PBXResourcesBuildPhase section */

/* Begin PBXSourcesBuildPhase section */
		B3DB408A2C25AD470051BD51 /* Sources */ = {
			isa = PBXSourcesBuildPhase;
			buildActionMask = 2147483647;
			files = (
				B3DB40942C25AD470051BD51 /* ContentView.swift in Sources */,
				B3DB40922C25AD470051BD51 /* CapyTimerApp.swift in Sources */,
				B322F6C82C29994A003E9258 /* TimerModel.swift in Sources */,
				B3DB40A22C25B0C30051BD51 /* TimerView.swift in Sources */,
				B3DB40A02C25AEC60051BD51 /* CapyImageView.swift in Sources */,
			);
			runOnlyForDeploymentPostprocessing = 0;
		};
/* End PBXSourcesBuildPhase section */

/* Begin XCBuildConfiguration section */
		B3DB409A2C25AD480051BD51 /* Debug */ = {
			isa = XCBuildConfiguration;
			buildSettings = {
				ALWAYS_SEARCH_USER_PATHS = NO;
				ASSETCATALOG_COMPILER_GENERATE_SWIFT_ASSET_SYMBOL_EXTENSIONS = YES;
				CLANG_ANALYZER_NONNULL = YES;
				CLANG_ANALYZER_NUMBER_OBJECT_CONVERSION = YES_AGGRESSIVE;
				CLANG_CXX_LANGUAGE_STANDARD = "gnu++20";
				CLANG_ENABLE_MODULES = YES;
				CLANG_ENABLE_OBJC_ARC = YES;
				CLANG_ENABLE_OBJC_WEAK = YES;
				CLANG_WARN_BLOCK_CAPTURE_AUTORELEASING = YES;
				CLANG_WARN_BOOL_CONVERSION = YES;
				CLANG_WARN_COMMA = YES;
				CLANG_WARN_CONSTANT_CONVERSION = YES;
				CLANG_WARN_DEPRECATED_OBJC_IMPLEMENTATIONS = YES;
				CLANG_WARN_DIRECT_OBJC_ISA_USAGE = YES_ERROR;
				CLANG_WARN_DOCUMENTATION_COMMENTS = YES;
				CLANG_WARN_EMPTY_BODY = YES;
				CLANG_WARN_ENUM_CONVERSION = YES;
				CLANG_WARN_INFINITE_RECURSION = YES;
				CLANG_WARN_INT_CONVERSION = YES;
				CLANG_WARN_NON_LITERAL_NULL_CONVERSION = YES;
				CLANG_WARN_OBJC_IMPLICIT_RETAIN_SELF = YES;
				CLANG_WARN_OBJC_LITERAL_CONVERSION = YES;
				CLANG_WARN_OBJC_ROOT_CLASS = YES_ERROR;
				CLANG_WARN_QUOTED_INCLUDE_IN_FRAMEWORK_HEADER = YES;
				CLANG_WARN_RANGE_LOOP_ANALYSIS = YES;
				CLANG_WARN_STRICT_PROTOTYPES = YES;
				CLANG_WARN_SUSPICIOUS_MOVE = YES;
				CLANG_WARN_UNGUARDED_AVAILABILITY = YES_AGGRESSIVE;
				CLANG_WARN_UNREACHABLE_CODE = YES;
				CLANG_WARN__DUPLICATE_METHOD_MATCH = YES;
				COPY_PHASE_STRIP = NO;
				DEBUG_INFORMATION_FORMAT = dwarf;
				ENABLE_STRICT_OBJC_MSGSEND = YES;
				ENABLE_TESTABILITY = YES;
				ENABLE_USER_SCRIPT_SANDBOXING = YES;
				GCC_C_LANGUAGE_STANDARD = gnu17;
				GCC_DYNAMIC_NO_PIC = NO;
				GCC_NO_COMMON_BLOCKS = YES;
				GCC_OPTIMIZATION_LEVEL = 0;
				GCC_PREPROCESSOR_DEFINITIONS = (
					"DEBUG=1",
					"$(inherited)",
				);
				GCC_WARN_64_TO_32_BIT_CONVERSION = YES;
				GCC_WARN_ABOUT_RETURN_TYPE = YES_ERROR;
				GCC_WARN_UNDECLARED_SELECTOR = YES;
				GCC_WARN_UNINITIALIZED_AUTOS = YES_AGGRESSIVE;
				GCC_WARN_UNUSED_FUNCTION = YES;
				GCC_WARN_UNUSED_VARIABLE = YES;
				IPHONEOS_DEPLOYMENT_TARGET = 17.5;
				LOCALIZATION_PREFERS_STRING_CATALOGS = YES;
				MTL_ENABLE_DEBUG_INFO = INCLUDE_SOURCE;
				MTL_FAST_MATH = YES;
				ONLY_ACTIVE_ARCH = YES;
				SDKROOT = iphoneos;
				SWIFT_ACTIVE_COMPILATION_CONDITIONS = "DEBUG $(inherited)";
				SWIFT_OPTIMIZATION_LEVEL = "-Onone";
			};
			name = Debug;
		};
		B3DB409B2C25AD480051BD51 /* Release */ = {
			isa = XCBuildConfiguration;
			buildSettings = {
				ALWAYS_SEARCH_USER_PATHS = NO;
				ASSETCATALOG_COMPILER_GENERATE_SWIFT_ASSET_SYMBOL_EXTENSIONS = YES;
				CLANG_ANALYZER_NONNULL = YES;
				CLANG_ANALYZER_NUMBER_OBJECT_CONVERSION = YES_AGGRESSIVE;
				CLANG_CXX_LANGUAGE_STANDARD = "gnu++20";
				CLANG_ENABLE_MODULES = YES;
				CLANG_ENABLE_OBJC_ARC = YES;
				CLANG_ENABLE_OBJC_WEAK = YES;
				CLANG_WARN_BLOCK_CAPTURE_AUTORELEASING = YES;
				CLANG_WARN_BOOL_CONVERSION = YES;
				CLANG_WARN_COMMA = YES;
				CLANG_WARN_CONSTANT_CONVERSION = YES;
				CLANG_WARN_DEPRECATED_OBJC_IMPLEMENTATIONS = YES;
				CLANG_WARN_DIRECT_OBJC_ISA_USAGE = YES_ERROR;
				CLANG_WARN_DOCUMENTATION_COMMENTS = YES;
				CLANG_WARN_EMPTY_BODY = YES;
				CLANG_WARN_ENUM_CONVERSION = YES;
				CLANG_WARN_INFINITE_RECURSION = YES;
				CLANG_WARN_INT_CONVERSION = YES;
				CLANG_WARN_NON_LITERAL_NULL_CONVERSION = YES;
				CLANG_WARN_OBJC_IMPLICIT_RETAIN_SELF = YES;
				CLANG_WARN_OBJC_LITERAL_CONVERSION = YES;
				CLANG_WARN_OBJC_ROOT_CLASS = YES_ERROR;
				CLANG_WARN_QUOTED_INCLUDE_IN_FRAMEWORK_HEADER = YES;
				CLANG_WARN_RANGE_LOOP_ANALYSIS = YES;
				CLANG_WARN_STRICT_PROTOTYPES = YES;
				CLANG_WARN_SUSPICIOUS_MOVE = YES;
				CLANG_WARN_UNGUARDED_AVAILABILITY = YES_AGGRESSIVE;
				CLANG_WARN_UNREACHABLE_CODE = YES;
				CLANG_WARN__DUPLICATE_METHOD_MATCH = YES;
				COPY_PHASE_STRIP = NO;
				DEBUG_INFORMATION_FORMAT = "dwarf-with-dsym";
				ENABLE_NS_ASSERTIONS = NO;
				ENABLE_STRICT_OBJC_MSGSEND = YES;
				ENABLE_USER_SCRIPT_SANDBOXING = YES;
				GCC_C_LANGUAGE_STANDARD = gnu17;
				GCC_NO_COMMON_BLOCKS = YES;
				GCC_WARN_64_TO_32_BIT_CONVERSION = YES;
				GCC_WARN_ABOUT_RETURN_TYPE = YES_ERROR;
				GCC_WARN_UNDECLARED_SELECTOR = YES;
				GCC_WARN_UNINITIALIZED_AUTOS = YES_AGGRESSIVE;
				GCC_WARN_UNUSED_FUNCTION = YES;
				GCC_WARN_UNUSED_VARIABLE = YES;
				IPHONEOS_DEPLOYMENT_TARGET = 17.5;
				LOCALIZATION_PREFERS_STRING_CATALOGS = YES;
				MTL_ENABLE_DEBUG_INFO = NO;
				MTL_FAST_MATH = YES;
				SDKROOT = iphoneos;
				SWIFT_COMPILATION_MODE = wholemodule;
				VALIDATE_PRODUCT = YES;
			};
			name = Release;
		};
		B3DB409D2C25AD480051BD51 /* Debug */ = {
			isa = XCBuildConfiguration;
			buildSettings = {
				ASSETCATALOG_COMPILER_APPICON_NAME = AppIcon;
				ASSETCATALOG_COMPILER_GLOBAL_ACCENT_COLOR_NAME = AccentColor;
				CODE_SIGN_STYLE = Automatic;
				CURRENT_PROJECT_VERSION = 1;
				DEVELOPMENT_ASSET_PATHS = "\"CapyTimer/Preview Content\"";
				ENABLE_PREVIEWS = YES;
				GENERATE_INFOPLIST_FILE = YES;
				INFOPLIST_KEY_UIApplicationSceneManifest_Generation = YES;
				INFOPLIST_KEY_UIApplicationSupportsIndirectInputEvents = YES;
				INFOPLIST_KEY_UILaunchScreen_Generation = YES;
				INFOPLIST_KEY_UISupportedInterfaceOrientations_iPad = "UIInterfaceOrientationPortrait UIInterfaceOrientationPortraitUpsideDown UIInterfaceOrientationLandscapeLeft UIInterfaceOrientationLandscapeRight";
				INFOPLIST_KEY_UISupportedInterfaceOrientations_iPhone = "UIInterfaceOrientationPortrait UIInterfaceOrientationLandscapeLeft UIInterfaceOrientationLandscapeRight";
				LD_RUNPATH_SEARCH_PATHS = (
					"$(inherited)",
					"@executable_path/Frameworks",
				);
				MARKETING_VERSION = 1.0;
				PRODUCT_BUNDLE_IDENTIFIER = axel.CapyTimer;
				PRODUCT_NAME = "$(TARGET_NAME)";
				SWIFT_EMIT_LOC_STRINGS = YES;
				SWIFT_VERSION = 5.0;
				TARGETED_DEVICE_FAMILY = "1,2";
			};
			name = Debug;
		};
		B3DB409E2C25AD480051BD51 /* Release */ = {
			isa = XCBuildConfiguration;
			buildSettings = {
				ASSETCATALOG_COMPILER_APPICON_NAME = AppIcon;
				ASSETCATALOG_COMPILER_GLOBAL_ACCENT_COLOR_NAME = AccentColor;
				CODE_SIGN_STYLE = Automatic;
				CURRENT_PROJECT_VERSION = 1;
				DEVELOPMENT_ASSET_PATHS = "\"CapyTimer/Preview Content\"";
				ENABLE_PREVIEWS = YES;
				GENERATE_INFOPLIST_FILE = YES;
				INFOPLIST_KEY_UIApplicationSceneManifest_Generation = YES;
				INFOPLIST_KEY_UIApplicationSupportsIndirectInputEvents = YES;
				INFOPLIST_KEY_UILaunchScreen_Generation = YES;
				INFOPLIST_KEY_UISupportedInterfaceOrientations_iPad = "UIInterfaceOrientationPortrait UIInterfaceOrientationPortraitUpsideDown UIInterfaceOrientationLandscapeLeft UIInterfaceOrientationLandscapeRight";
				INFOPLIST_KEY_UISupportedInterfaceOrientations_iPhone = "UIInterfaceOrientationPortrait UIInterfaceOrientationLandscapeLeft UIInterfaceOrientationLandscapeRight";
				LD_RUNPATH_SEARCH_PATHS = (
					"$(inherited)",
					"@executable_path/Frameworks",
				);
				MARKETING_VERSION = 1.0;
				PRODUCT_BUNDLE_IDENTIFIER = axel.CapyTimer;
				PRODUCT_NAME = "$(TARGET_NAME)";
				SWIFT_EMIT_LOC_STRINGS = YES;
				SWIFT_VERSION = 5.0;
				TARGETED_DEVICE_FAMILY = "1,2";
			};
			name = Release;
		};
/* End XCBuildConfiguration section */

/* Begin XCConfigurationList section */
		B3DB40892C25AD470051BD51 /* Build configuration list for PBXProject "CapyTimer" */ = {
			isa = XCConfigurationList;
			buildConfigurations = (
				B3DB409A2C25AD480051BD51 /* Debug */,
				B3DB409B2C25AD480051BD51 /* Release */,
			);
			defaultConfigurationIsVisible = 0;
			defaultConfigurationName = Release;
		};
		B3DB409C2C25AD480051BD51 /* Build configuration list for PBXNativeTarget "CapyTimer" */ = {
			isa = XCConfigurationList;
			buildConfigurations = (
				B3DB409D2C25AD480051BD51 /* Debug */,
				B3DB409E2C25AD480051BD51 /* Release */,
			);
			defaultConfigurationIsVisible = 0;
			defaultConfigurationName = Release;
		};
/* End XCConfigurationList section */
	};
	rootObject = B3DB40862C25AD470051BD51 /* Project object */;
}
